<Solution>
  <Folder Name="/tools/">
    <Project Path="tools/GenerateHanoiKb/GenerateHanoiKb.csproj" />
  </Folder>
  <Project Path="Application/Application.csproj" />
  <Project Path="Domain.Tests/Domain.Tests.csproj" />
  <Project Path="Domain/Domain.csproj" />
  <Project Path="Infrastructure/Infrastructure.csproj" />
  <Project Path="WebApi.IntegrationTests/WebApi.IntegrationTests.csproj" />
  <Project Path="WebApi/WebApi.csproj" />
</Solution>

